
Microsoft Visual Studio Solution File, Format Version 12.00
# Visual Studio 2017
Project("{FAE04EC0-301F-11D3-BF4B-00C04F79EFBC}") = "ICS161Game1", "ICS161Game1.csproj", "{5F6B5341-6BDB-8FD9-4CFD-2C9E3E993EBF}"
EndProject
Global
	GlobalSection(SolutionConfigurationPlatforms) = preSolution
		Debug|Any CPU = Debug|Any CPU
		Release|Any CPU = Release|Any CPU
	EndGlobalSection
	GlobalSection(ProjectConfigurationPlatforms) = postSolution
		{5F6B5341-6BDB-8FD9-4CFD-2C9E3E993EBF}.Debug|Any CPU.ActiveCfg = Debug|Any CPU
		{5F6B5341-6BDB-8FD9-4CFD-2C9E3E993EBF}.Debug|Any CPU.Build.0 = Debug|Any CPU
		{5F6B5341-6BDB-8FD9-4CFD-2C9E3E993EBF}.Release|Any CPU.ActiveCfg = Release|Any CPU
		{5F6B5341-6BDB-8FD9-4CFD-2C9E3E993EBF}.Release|Any CPU.Build.0 = Release|Any CPU
	EndGlobalSection
	GlobalSection(SolutionProperties) = preSolution
		HideSolutionNode = FALSE
	EndGlobalSection
EndGlobal
